<?xml version="1.0" encoding="utf-8"?>
<Project ToolsVersion="17.0" xmlns="http://schemas.microsoft.com/developer/msbuild/2003">
  <ItemGroup>
    <CustomBuild Include="C:\Users\11477\Downloads\CubismSdkForNative-4-r.7\CubismSdkForNative-4-r.7\Samples\OpenGL\Demo\proj.win.cmake\build\proj_msvc2022_x64_mt\CMakeFiles\e60d8916bd38d5c1cd405a0764dcd3af\INSTALL_force.rule">
      <Filter>CMake Rules</Filter>
    </CustomBuild>
  </ItemGroup>
  <ItemGroup>
    <Filter Include="CMake Rules">
      <UniqueIdentifier>{F0D24CEB-2783-32DB-A86D-3B82DB382523}</UniqueIdentifier>
    </Filter>
  </ItemGroup>
</Project>
