
Microsoft Visual Studio Solution File, Format Version 12.00
# Visual Studio Version 17
Project("{2150E333-8FDC-42A3-9474-1A3956D46DE8}") = "CMakePredefinedTargets", "CMakePredefinedTargets", "{A6E24B3E-C948-3226-A915-01F33091DC5B}"
EndProject
Project("{8BC9CEB8-8B4A-11D0-8D11-00A0C91BC942}") = "ALL_BUILD", "ALL_BUILD.vcxproj", "{11D6ED4E-2908-31E8-9C13-C22082DA2EBC}"
	ProjectSection(ProjectDependencies) = postProject
		{3680D390-8E43-361A-B546-01F0D89BF88C} = {3680D390-8E43-361A-B546-01F0D89BF88C}
		{B8D630FE-3230-3C42-A228-1A19268DF515} = {B8D630FE-3230-3C42-A228-1A19268DF515}
	EndProjectSection
EndProject
Project("{8BC9CEB8-8B4A-11D0-8D11-00A0C91BC942}") = "INSTALL", "INSTALL.vcxproj", "{6BE907AF-49ED-3134-B6D5-B951AD8495DD}"
	ProjectSection(ProjectDependencies) = postProject
		{11D6ED4E-2908-31E8-9C13-C22082DA2EBC} = {11D6ED4E-2908-31E8-9C13-C22082DA2EBC}
	EndProjectSection
EndProject
Project("{8BC9CEB8-8B4A-11D0-8D11-00A0C91BC942}") = "glew", "glew.vcxproj", "{3680D390-8E43-361A-B546-01F0D89BF88C}"
	ProjectSection(ProjectDependencies) = postProject
	EndProjectSection
EndProject
Project("{8BC9CEB8-8B4A-11D0-8D11-00A0C91BC942}") = "glew_s", "glew_s.vcxproj", "{B8D630FE-3230-3C42-A228-1A19268DF515}"
	ProjectSection(ProjectDependencies) = postProject
	EndProjectSection
EndProject
Project("{8BC9CEB8-8B4A-11D0-8D11-00A0C91BC942}") = "uninstall", "uninstall.vcxproj", "{CB1FE1AC-4059-3ED0-936A-6B738E0667C0}"
	ProjectSection(ProjectDependencies) = postProject
	EndProjectSection
EndProject
Global
	GlobalSection(SolutionConfigurationPlatforms) = preSolution
		Debug|x64 = Debug|x64
		Release|x64 = Release|x64
	EndGlobalSection
	GlobalSection(ProjectConfigurationPlatforms) = postSolution
		{11D6ED4E-2908-31E8-9C13-C22082DA2EBC}.Debug|x64.ActiveCfg = Debug|x64
		{11D6ED4E-2908-31E8-9C13-C22082DA2EBC}.Debug|x64.Build.0 = Debug|x64
		{11D6ED4E-2908-31E8-9C13-C22082DA2EBC}.Release|x64.ActiveCfg = Release|x64
		{11D6ED4E-2908-31E8-9C13-C22082DA2EBC}.Release|x64.Build.0 = Release|x64
		{6BE907AF-49ED-3134-B6D5-B951AD8495DD}.Debug|x64.ActiveCfg = Debug|x64
		{6BE907AF-49ED-3134-B6D5-B951AD8495DD}.Release|x64.ActiveCfg = Release|x64
		{3680D390-8E43-361A-B546-01F0D89BF88C}.Debug|x64.ActiveCfg = Debug|x64
		{3680D390-8E43-361A-B546-01F0D89BF88C}.Debug|x64.Build.0 = Debug|x64
		{3680D390-8E43-361A-B546-01F0D89BF88C}.Release|x64.ActiveCfg = Release|x64
		{3680D390-8E43-361A-B546-01F0D89BF88C}.Release|x64.Build.0 = Release|x64
		{B8D630FE-3230-3C42-A228-1A19268DF515}.Debug|x64.ActiveCfg = Debug|x64
		{B8D630FE-3230-3C42-A228-1A19268DF515}.Debug|x64.Build.0 = Debug|x64
		{B8D630FE-3230-3C42-A228-1A19268DF515}.Release|x64.ActiveCfg = Release|x64
		{B8D630FE-3230-3C42-A228-1A19268DF515}.Release|x64.Build.0 = Release|x64
		{CB1FE1AC-4059-3ED0-936A-6B738E0667C0}.Debug|x64.ActiveCfg = Debug|x64
		{CB1FE1AC-4059-3ED0-936A-6B738E0667C0}.Release|x64.ActiveCfg = Release|x64
	EndGlobalSection
	GlobalSection(NestedProjects) = preSolution
		{11D6ED4E-2908-31E8-9C13-C22082DA2EBC} = {A6E24B3E-C948-3226-A915-01F33091DC5B}
		{6BE907AF-49ED-3134-B6D5-B951AD8495DD} = {A6E24B3E-C948-3226-A915-01F33091DC5B}
	EndGlobalSection
	GlobalSection(ExtensibilityGlobals) = postSolution
		SolutionGuid = {DCC252B6-9937-39C6-8D7B-5D3805C4630A}
	EndGlobalSection
	GlobalSection(ExtensibilityAddIns) = postSolution
	EndGlobalSection
EndGlobal
