
Microsoft Visual Studio Solution File, Format Version 12.00
# Visual Studio Version 17
Project("{2150E333-8FDC-42A3-9474-1A3956D46DE8}") = "CMakePredefinedTargets", "CMakePredefinedTargets", "{A6E24B3E-C948-3226-A915-01F33091DC5B}"
EndProject
Project("{2150E333-8FDC-42A3-9474-1A3956D46DE8}") = "GLFW3", "GLFW3", "{D24AAD76-0940-357F-B9C4-4C8600BEF36F}"
EndProject
Project("{8BC9CEB8-8B4A-11D0-8D11-00A0C91BC942}") = "ALL_BUILD", "ALL_BUILD.vcxproj", "{11D6ED4E-2908-31E8-9C13-C22082DA2EBC}"
	ProjectSection(ProjectDependencies) = postProject
		{7E74A117-AC02-36B9-A021-0C0D05B1BB9E} = {7E74A117-AC02-36B9-A021-0C0D05B1BB9E}
	EndProjectSection
EndProject
Project("{8BC9CEB8-8B4A-11D0-8D11-00A0C91BC942}") = "INSTALL", "INSTALL.vcxproj", "{6BE907AF-49ED-3134-B6D5-B951AD8495DD}"
	ProjectSection(ProjectDependencies) = postProject
		{11D6ED4E-2908-31E8-9C13-C22082DA2EBC} = {11D6ED4E-2908-31E8-9C13-C22082DA2EBC}
	EndProjectSection
EndProject
Project("{8BC9CEB8-8B4A-11D0-8D11-00A0C91BC942}") = "glfw", "src\glfw.vcxproj", "{7E74A117-AC02-36B9-A021-0C0D05B1BB9E}"
	ProjectSection(ProjectDependencies) = postProject
	EndProjectSection
EndProject
Project("{8BC9CEB8-8B4A-11D0-8D11-00A0C91BC942}") = "update_mappings", "src\update_mappings.vcxproj", "{68BE1F98-5067-3606-B8B5-84CA35FFC3BB}"
	ProjectSection(ProjectDependencies) = postProject
	EndProjectSection
EndProject
Global
	GlobalSection(SolutionConfigurationPlatforms) = preSolution
		Debug|x64 = Debug|x64
		Release|x64 = Release|x64
	EndGlobalSection
	GlobalSection(ProjectConfigurationPlatforms) = postSolution
		{11D6ED4E-2908-31E8-9C13-C22082DA2EBC}.Debug|x64.ActiveCfg = Debug|x64
		{11D6ED4E-2908-31E8-9C13-C22082DA2EBC}.Debug|x64.Build.0 = Debug|x64
		{11D6ED4E-2908-31E8-9C13-C22082DA2EBC}.Release|x64.ActiveCfg = Release|x64
		{11D6ED4E-2908-31E8-9C13-C22082DA2EBC}.Release|x64.Build.0 = Release|x64
		{6BE907AF-49ED-3134-B6D5-B951AD8495DD}.Debug|x64.ActiveCfg = Debug|x64
		{6BE907AF-49ED-3134-B6D5-B951AD8495DD}.Release|x64.ActiveCfg = Release|x64
		{7E74A117-AC02-36B9-A021-0C0D05B1BB9E}.Debug|x64.ActiveCfg = Debug|x64
		{7E74A117-AC02-36B9-A021-0C0D05B1BB9E}.Debug|x64.Build.0 = Debug|x64
		{7E74A117-AC02-36B9-A021-0C0D05B1BB9E}.Release|x64.ActiveCfg = Release|x64
		{7E74A117-AC02-36B9-A021-0C0D05B1BB9E}.Release|x64.Build.0 = Release|x64
		{68BE1F98-5067-3606-B8B5-84CA35FFC3BB}.Debug|x64.ActiveCfg = Debug|x64
		{68BE1F98-5067-3606-B8B5-84CA35FFC3BB}.Release|x64.ActiveCfg = Release|x64
	EndGlobalSection
	GlobalSection(NestedProjects) = preSolution
		{11D6ED4E-2908-31E8-9C13-C22082DA2EBC} = {A6E24B3E-C948-3226-A915-01F33091DC5B}
		{6BE907AF-49ED-3134-B6D5-B951AD8495DD} = {A6E24B3E-C948-3226-A915-01F33091DC5B}
		{7E74A117-AC02-36B9-A021-0C0D05B1BB9E} = {D24AAD76-0940-357F-B9C4-4C8600BEF36F}
		{68BE1F98-5067-3606-B8B5-84CA35FFC3BB} = {D24AAD76-0940-357F-B9C4-4C8600BEF36F}
	EndGlobalSection
	GlobalSection(ExtensibilityGlobals) = postSolution
		SolutionGuid = {CFBD740E-31E5-3A54-B694-8A0414AFD147}
	EndGlobalSection
	GlobalSection(ExtensibilityAddIns) = postSolution
	EndGlobalSection
EndGlobal
